
Microsoft Visual Studio Solution File, Format Version 11.00
# Visual Studio 2010
Project("{FAE04EC0-301F-11D3-BF4B-00C04F79EFBC}") = "Alphabet Train", "Assembly-CSharp.csproj", "{4605D393-ECC1-F5FA-8963-B67E019A8222}"
EndProject
Project("{FAE04EC0-301F-11D3-BF4B-00C04F79EFBC}") = "Alphabet Train", "Assembly-CSharp-Editor.csproj", "{EA8556E4-5E8A-3842-E8F5-E9A1A01099FE}"
EndProject
Global
	GlobalSection(SolutionConfigurationPlatforms) = preSolution
		Debug|Any CPU = Debug|Any CPU
		Release|Any CPU = Release|Any CPU
	EndGlobalSection
	GlobalSection(ProjectConfigurationPlatforms) = postSolution
		{4605D393-ECC1-F5FA-8963-B67E019A8222}.Debug|Any CPU.ActiveCfg = Debug|Any CPU
		{4605D393-ECC1-F5FA-8963-B67E019A8222}.Debug|Any CPU.Build.0 = Debug|Any CPU
		{4605D393-ECC1-F5FA-8963-B67E019A8222}.Release|Any CPU.ActiveCfg = Release|Any CPU
		{4605D393-ECC1-F5FA-8963-B67E019A8222}.Release|Any CPU.Build.0 = Release|Any CPU
		{EA8556E4-5E8A-3842-E8F5-E9A1A01099FE}.Debug|Any CPU.ActiveCfg = Debug|Any CPU
		{EA8556E4-5E8A-3842-E8F5-E9A1A01099FE}.Debug|Any CPU.Build.0 = Debug|Any CPU
		{EA8556E4-5E8A-3842-E8F5-E9A1A01099FE}.Release|Any CPU.ActiveCfg = Release|Any CPU
		{EA8556E4-5E8A-3842-E8F5-E9A1A01099FE}.Release|Any CPU.Build.0 = Release|Any CPU
	EndGlobalSection
	GlobalSection(SolutionProperties) = preSolution
		HideSolutionNode = FALSE
	EndGlobalSection
	GlobalSection(MonoDevelopProperties) = preSolution
		StartupItem = Assembly-CSharp.csproj
	EndGlobalSection
EndGlobal
